
Microsoft Visual Studio Solution File, Format Version 12.00
# Visual Studio 15
VisualStudioVersion = 15.0.27004.2010
MinimumVisualStudioVersion = 10.0.40219.1
Project("{9A19103F-16F7-4668-BE54-9A1E7A4F7556}") = "LagoVista.Simulator.Core", "src\LagoVista.Simulator.Core\LagoVista.Simulator.Core.csproj", "{7FCB98A9-7785-4074-BE75-EAD40A50DF58}"
EndProject
Project("{9A19103F-16F7-4668-BE54-9A1E7A4F7556}") = "LagoVista.Simulator", "src\LagoVista.Simulator\LagoVista.Simulator.csproj", "{7DFCEE8D-8197-4BA1-AD78-BDA440AA8337}"
EndProject
Project("{FAE04EC0-301F-11D3-BF4B-00C04F79EFBC}") = "LagoVista.Droid.Simulator", "src\LagoVista.Droid.Simulator\LagoVista.Droid.Simulator.csproj", "{FC5CA425-5659-4A42-AD3B-E8514FA05961}"
EndProject
Global
	GlobalSection(SolutionConfigurationPlatforms) = preSolution
		Debug|Any CPU = Debug|Any CPU
		Debug|ARM = Debug|ARM
		Debug|x64 = Debug|x64
		Debug|x86 = Debug|x86
		iOS Build|Any CPU = iOS Build|Any CPU
		iOS Build|ARM = iOS Build|ARM
		iOS Build|x64 = iOS Build|x64
		iOS Build|x86 = iOS Build|x86
		Release|Any CPU = Release|Any CPU
		Release|ARM = Release|ARM
		Release|x64 = Release|x64
		Release|x86 = Release|x86
	EndGlobalSection
	GlobalSection(ProjectConfigurationPlatforms) = postSolution
		{7FCB98A9-7785-4074-BE75-EAD40A50DF58}.Debug|Any CPU.ActiveCfg = Debug|Any CPU
		{7FCB98A9-7785-4074-BE75-EAD40A50DF58}.Debug|Any CPU.Build.0 = Debug|Any CPU
		{7FCB98A9-7785-4074-BE75-EAD40A50DF58}.Debug|ARM.ActiveCfg = Debug|Any CPU
		{7FCB98A9-7785-4074-BE75-EAD40A50DF58}.Debug|ARM.Build.0 = Debug|Any CPU
		{7FCB98A9-7785-4074-BE75-EAD40A50DF58}.Debug|x64.ActiveCfg = Debug|Any CPU
		{7FCB98A9-7785-4074-BE75-EAD40A50DF58}.Debug|x64.Build.0 = Debug|Any CPU
		{7FCB98A9-7785-4074-BE75-EAD40A50DF58}.Debug|x86.ActiveCfg = Debug|Any CPU
		{7FCB98A9-7785-4074-BE75-EAD40A50DF58}.Debug|x86.Build.0 = Debug|Any CPU
		{7FCB98A9-7785-4074-BE75-EAD40A50DF58}.iOS Build|Any CPU.ActiveCfg = Debug|Any CPU
		{7FCB98A9-7785-4074-BE75-EAD40A50DF58}.iOS Build|Any CPU.Build.0 = Debug|Any CPU
		{7FCB98A9-7785-4074-BE75-EAD40A50DF58}.iOS Build|ARM.ActiveCfg = Debug|Any CPU
		{7FCB98A9-7785-4074-BE75-EAD40A50DF58}.iOS Build|ARM.Build.0 = Debug|Any CPU
		{7FCB98A9-7785-4074-BE75-EAD40A50DF58}.iOS Build|x64.ActiveCfg = Debug|Any CPU
		{7FCB98A9-7785-4074-BE75-EAD40A50DF58}.iOS Build|x64.Build.0 = Debug|Any CPU
		{7FCB98A9-7785-4074-BE75-EAD40A50DF58}.iOS Build|x86.ActiveCfg = Debug|Any CPU
		{7FCB98A9-7785-4074-BE75-EAD40A50DF58}.iOS Build|x86.Build.0 = Debug|Any CPU
		{7FCB98A9-7785-4074-BE75-EAD40A50DF58}.Release|Any CPU.ActiveCfg = Release|Any CPU
		{7FCB98A9-7785-4074-BE75-EAD40A50DF58}.Release|Any CPU.Build.0 = Release|Any CPU
		{7FCB98A9-7785-4074-BE75-EAD40A50DF58}.Release|ARM.ActiveCfg = Release|Any CPU
		{7FCB98A9-7785-4074-BE75-EAD40A50DF58}.Release|ARM.Build.0 = Release|Any CPU
		{7FCB98A9-7785-4074-BE75-EAD40A50DF58}.Release|x64.ActiveCfg = Release|Any CPU
		{7FCB98A9-7785-4074-BE75-EAD40A50DF58}.Release|x64.Build.0 = Release|Any CPU
		{7FCB98A9-7785-4074-BE75-EAD40A50DF58}.Release|x86.ActiveCfg = Release|Any CPU
		{7FCB98A9-7785-4074-BE75-EAD40A50DF58}.Release|x86.Build.0 = Release|Any CPU
		{7DFCEE8D-8197-4BA1-AD78-BDA440AA8337}.Debug|Any CPU.ActiveCfg = Debug|Any CPU
		{7DFCEE8D-8197-4BA1-AD78-BDA440AA8337}.Debug|Any CPU.Build.0 = Debug|Any CPU
		{7DFCEE8D-8197-4BA1-AD78-BDA440AA8337}.Debug|ARM.ActiveCfg = Debug|Any CPU
		{7DFCEE8D-8197-4BA1-AD78-BDA440AA8337}.Debug|ARM.Build.0 = Debug|Any CPU
		{7DFCEE8D-8197-4BA1-AD78-BDA440AA8337}.Debug|x64.ActiveCfg = Debug|Any CPU
		{7DFCEE8D-8197-4BA1-AD78-BDA440AA8337}.Debug|x64.Build.0 = Debug|Any CPU
		{7DFCEE8D-8197-4BA1-AD78-BDA440AA8337}.Debug|x86.ActiveCfg = Debug|Any CPU
		{7DFCEE8D-8197-4BA1-AD78-BDA440AA8337}.Debug|x86.Build.0 = Debug|Any CPU
		{7DFCEE8D-8197-4BA1-AD78-BDA440AA8337}.iOS Build|Any CPU.ActiveCfg = Debug|Any CPU
		{7DFCEE8D-8197-4BA1-AD78-BDA440AA8337}.iOS Build|Any CPU.Build.0 = Debug|Any CPU
		{7DFCEE8D-8197-4BA1-AD78-BDA440AA8337}.iOS Build|ARM.ActiveCfg = Debug|Any CPU
		{7DFCEE8D-8197-4BA1-AD78-BDA440AA8337}.iOS Build|ARM.Build.0 = Debug|Any CPU
		{7DFCEE8D-8197-4BA1-AD78-BDA440AA8337}.iOS Build|x64.ActiveCfg = Debug|Any CPU
		{7DFCEE8D-8197-4BA1-AD78-BDA440AA8337}.iOS Build|x64.Build.0 = Debug|Any CPU
		{7DFCEE8D-8197-4BA1-AD78-BDA440AA8337}.iOS Build|x86.ActiveCfg = Debug|Any CPU
		{7DFCEE8D-8197-4BA1-AD78-BDA440AA8337}.iOS Build|x86.Build.0 = Debug|Any CPU
		{7DFCEE8D-8197-4BA1-AD78-BDA440AA8337}.Release|Any CPU.ActiveCfg = Release|Any CPU
		{7DFCEE8D-8197-4BA1-AD78-BDA440AA8337}.Release|Any CPU.Build.0 = Release|Any CPU
		{7DFCEE8D-8197-4BA1-AD78-BDA440AA8337}.Release|ARM.ActiveCfg = Release|Any CPU
		{7DFCEE8D-8197-4BA1-AD78-BDA440AA8337}.Release|ARM.Build.0 = Release|Any CPU
		{7DFCEE8D-8197-4BA1-AD78-BDA440AA8337}.Release|x64.ActiveCfg = Release|Any CPU
		{7DFCEE8D-8197-4BA1-AD78-BDA440AA8337}.Release|x64.Build.0 = Release|Any CPU
		{7DFCEE8D-8197-4BA1-AD78-BDA440AA8337}.Release|x86.ActiveCfg = Release|Any CPU
		{7DFCEE8D-8197-4BA1-AD78-BDA440AA8337}.Release|x86.Build.0 = Release|Any CPU
		{FC5CA425-5659-4A42-AD3B-E8514FA05961}.Debug|Any CPU.ActiveCfg = Debug|Any CPU
		{FC5CA425-5659-4A42-AD3B-E8514FA05961}.Debug|Any CPU.Build.0 = Debug|Any CPU
		{FC5CA425-5659-4A42-AD3B-E8514FA05961}.Debug|Any CPU.Deploy.0 = Debug|Any CPU
		{FC5CA425-5659-4A42-AD3B-E8514FA05961}.Debug|ARM.ActiveCfg = Debug|Any CPU
		{FC5CA425-5659-4A42-AD3B-E8514FA05961}.Debug|ARM.Build.0 = Debug|Any CPU
		{FC5CA425-5659-4A42-AD3B-E8514FA05961}.Debug|ARM.Deploy.0 = Debug|Any CPU
		{FC5CA425-5659-4A42-AD3B-E8514FA05961}.Debug|x64.ActiveCfg = Debug|Any CPU
		{FC5CA425-5659-4A42-AD3B-E8514FA05961}.Debug|x64.Build.0 = Debug|Any CPU
		{FC5CA425-5659-4A42-AD3B-E8514FA05961}.Debug|x64.Deploy.0 = Debug|Any CPU
		{FC5CA425-5659-4A42-AD3B-E8514FA05961}.Debug|x86.ActiveCfg = Debug|Any CPU
		{FC5CA425-5659-4A42-AD3B-E8514FA05961}.Debug|x86.Build.0 = Debug|Any CPU
		{FC5CA425-5659-4A42-AD3B-E8514FA05961}.Debug|x86.Deploy.0 = Debug|Any CPU
		{FC5CA425-5659-4A42-AD3B-E8514FA05961}.iOS Build|Any CPU.ActiveCfg = Release|Any CPU
		{FC5CA425-5659-4A42-AD3B-E8514FA05961}.iOS Build|Any CPU.Build.0 = Release|Any CPU
		{FC5CA425-5659-4A42-AD3B-E8514FA05961}.iOS Build|Any CPU.Deploy.0 = Release|Any CPU
		{FC5CA425-5659-4A42-AD3B-E8514FA05961}.iOS Build|ARM.ActiveCfg = Release|Any CPU
		{FC5CA425-5659-4A42-AD3B-E8514FA05961}.iOS Build|ARM.Build.0 = Release|Any CPU
		{FC5CA425-5659-4A42-AD3B-E8514FA05961}.iOS Build|ARM.Deploy.0 = Release|Any CPU
		{FC5CA425-5659-4A42-AD3B-E8514FA05961}.iOS Build|x64.ActiveCfg = Release|Any CPU
		{FC5CA425-5659-4A42-AD3B-E8514FA05961}.iOS Build|x64.Build.0 = Release|Any CPU
		{FC5CA425-5659-4A42-AD3B-E8514FA05961}.iOS Build|x64.Deploy.0 = Release|Any CPU
		{FC5CA425-5659-4A42-AD3B-E8514FA05961}.iOS Build|x86.ActiveCfg = Release|Any CPU
		{FC5CA425-5659-4A42-AD3B-E8514FA05961}.iOS Build|x86.Build.0 = Release|Any CPU
		{FC5CA425-5659-4A42-AD3B-E8514FA05961}.iOS Build|x86.Deploy.0 = Release|Any CPU
		{FC5CA425-5659-4A42-AD3B-E8514FA05961}.Release|Any CPU.ActiveCfg = Release|Any CPU
		{FC5CA425-5659-4A42-AD3B-E8514FA05961}.Release|Any CPU.Build.0 = Release|Any CPU
		{FC5CA425-5659-4A42-AD3B-E8514FA05961}.Release|Any CPU.Deploy.0 = Release|Any CPU
		{FC5CA425-5659-4A42-AD3B-E8514FA05961}.Release|ARM.ActiveCfg = Release|Any CPU
		{FC5CA425-5659-4A42-AD3B-E8514FA05961}.Release|ARM.Build.0 = Release|Any CPU
		{FC5CA425-5659-4A42-AD3B-E8514FA05961}.Release|ARM.Deploy.0 = Release|Any CPU
		{FC5CA425-5659-4A42-AD3B-E8514FA05961}.Release|x64.ActiveCfg = Release|Any CPU
		{FC5CA425-5659-4A42-AD3B-E8514FA05961}.Release|x64.Build.0 = Release|Any CPU
		{FC5CA425-5659-4A42-AD3B-E8514FA05961}.Release|x64.Deploy.0 = Release|Any CPU
		{FC5CA425-5659-4A42-AD3B-E8514FA05961}.Release|x86.ActiveCfg = Release|Any CPU
		{FC5CA425-5659-4A42-AD3B-E8514FA05961}.Release|x86.Build.0 = Release|Any CPU
		{FC5CA425-5659-4A42-AD3B-E8514FA05961}.Release|x86.Deploy.0 = Release|Any CPU
	EndGlobalSection
	GlobalSection(SolutionProperties) = preSolution
		HideSolutionNode = FALSE
	EndGlobalSection
	GlobalSection(ExtensibilityGlobals) = postSolution
		SolutionGuid = {E716AD00-DEF8-468E-A20E-1E1F6CEFB4BB}
	EndGlobalSection
EndGlobal
