
Microsoft Visual Studio Solution File, Format Version 12.00
# Visual Studio 15
VisualStudioVersion = 15.0.26730.16
MinimumVisualStudioVersion = 10.0.40219.1
Project("{FAE04EC0-301F-11D3-BF4B-00C04F79EFBC}") = "LagoVista.Droid.Simulator", "src\LagoVista.Droid.Simulator\LagoVista.Droid.Simulator.csproj", "{FC5CA425-5659-4A42-AD3B-E8514FA05961}"
EndProject
Project("{9A19103F-16F7-4668-BE54-9A1E7A4F7556}") = "LagoVista.Simulator.Core", "src\LagoVista.Simulator.Core\LagoVista.Simulator.Core.csproj", "{308A5920-7E37-44C8-9F5C-BC8EEFEFC90B}"
EndProject
Project("{9A19103F-16F7-4668-BE54-9A1E7A4F7556}") = "LagoVista.Simulator", "src\LagoVista.Simulator\LagoVista.Simulator.csproj", "{4542E557-8525-4025-877D-75FF47845EA3}"
EndProject
Global
	GlobalSection(SolutionConfigurationPlatforms) = preSolution
		Debug|Any CPU = Debug|Any CPU
		Release|Any CPU = Release|Any CPU
	EndGlobalSection
	GlobalSection(ProjectConfigurationPlatforms) = postSolution
		{FC5CA425-5659-4A42-AD3B-E8514FA05961}.Debug|Any CPU.ActiveCfg = Debug|Any CPU
		{FC5CA425-5659-4A42-AD3B-E8514FA05961}.Debug|Any CPU.Build.0 = Debug|Any CPU
		{FC5CA425-5659-4A42-AD3B-E8514FA05961}.Debug|Any CPU.Deploy.0 = Debug|Any CPU
		{FC5CA425-5659-4A42-AD3B-E8514FA05961}.Release|Any CPU.ActiveCfg = Release|Any CPU
		{FC5CA425-5659-4A42-AD3B-E8514FA05961}.Release|Any CPU.Build.0 = Release|Any CPU
		{FC5CA425-5659-4A42-AD3B-E8514FA05961}.Release|Any CPU.Deploy.0 = Release|Any CPU
		{308A5920-7E37-44C8-9F5C-BC8EEFEFC90B}.Debug|Any CPU.ActiveCfg = Debug|Any CPU
		{308A5920-7E37-44C8-9F5C-BC8EEFEFC90B}.Debug|Any CPU.Build.0 = Debug|Any CPU
		{308A5920-7E37-44C8-9F5C-BC8EEFEFC90B}.Release|Any CPU.ActiveCfg = Release|Any CPU
		{308A5920-7E37-44C8-9F5C-BC8EEFEFC90B}.Release|Any CPU.Build.0 = Release|Any CPU
		{4542E557-8525-4025-877D-75FF47845EA3}.Debug|Any CPU.ActiveCfg = Debug|Any CPU
		{4542E557-8525-4025-877D-75FF47845EA3}.Debug|Any CPU.Build.0 = Debug|Any CPU
		{4542E557-8525-4025-877D-75FF47845EA3}.Release|Any CPU.ActiveCfg = Release|Any CPU
		{4542E557-8525-4025-877D-75FF47845EA3}.Release|Any CPU.Build.0 = Release|Any CPU
	EndGlobalSection
	GlobalSection(SolutionProperties) = preSolution
		HideSolutionNode = FALSE
	EndGlobalSection
	GlobalSection(ExtensibilityGlobals) = postSolution
		SolutionGuid = {669C74FF-E5AE-438B-A43E-D16EC399A0E2}
	EndGlobalSection
EndGlobal
