
Microsoft Visual Studio Solution File, Format Version 12.00
# Visual Studio 15
VisualStudioVersion = 15.0.27004.2010
MinimumVisualStudioVersion = 10.0.40219.1
Project("{FAE04EC0-301F-11D3-BF4B-00C04F79EFBC}") = "LagoVista.Simulator.Core", "src\LagoVista.Simulator.Core\LagoVista.Simulator.Core.csproj", "{7FCB98A9-7785-4074-BE75-EAD40A50DF58}"
EndProject
Project("{FAE04EC0-301F-11D3-BF4B-00C04F79EFBC}") = "LagoVista.Simulator", "src\LagoVista.Simulator\LagoVista.Simulator.csproj", "{7DFCEE8D-8197-4BA1-AD78-BDA440AA8337}"
EndProject
Project("{FAE04EC0-301F-11D3-BF4B-00C04F79EFBC}") = "LagoVista.Simulator.iOS", "src\LagoVista.Simulator.iOS\LagoVista.Simulator.iOS.csproj", "{EC06F587-499C-4247-BA95-0D9703A8D772}"
EndProject
Global
	GlobalSection(SolutionConfigurationPlatforms) = preSolution
		Ad-Hoc|Any CPU = Ad-Hoc|Any CPU
		Ad-Hoc|ARM = Ad-Hoc|ARM
		Ad-Hoc|iPhone = Ad-Hoc|iPhone
		Ad-Hoc|iPhoneSimulator = Ad-Hoc|iPhoneSimulator
		Ad-Hoc|x64 = Ad-Hoc|x64
		Ad-Hoc|x86 = Ad-Hoc|x86
		AppStore|Any CPU = AppStore|Any CPU
		AppStore|ARM = AppStore|ARM
		AppStore|iPhone = AppStore|iPhone
		AppStore|iPhoneSimulator = AppStore|iPhoneSimulator
		AppStore|x64 = AppStore|x64
		AppStore|x86 = AppStore|x86
		Debug|Any CPU = Debug|Any CPU
		Debug|ARM = Debug|ARM
		Debug|iPhone = Debug|iPhone
		Debug|iPhoneSimulator = Debug|iPhoneSimulator
		Debug|x64 = Debug|x64
		Debug|x86 = Debug|x86
		iOS Build|Any CPU = iOS Build|Any CPU
		iOS Build|ARM = iOS Build|ARM
		iOS Build|iPhone = iOS Build|iPhone
		iOS Build|iPhoneSimulator = iOS Build|iPhoneSimulator
		iOS Build|x64 = iOS Build|x64
		iOS Build|x86 = iOS Build|x86
		Release|Any CPU = Release|Any CPU
		Release|ARM = Release|ARM
		Release|iPhone = Release|iPhone
		Release|iPhoneSimulator = Release|iPhoneSimulator
		Release|x64 = Release|x64
		Release|x86 = Release|x86
	EndGlobalSection
	GlobalSection(ProjectConfigurationPlatforms) = postSolution
		{7FCB98A9-7785-4074-BE75-EAD40A50DF58}.Ad-Hoc|Any CPU.ActiveCfg = Release|Any CPU
		{7FCB98A9-7785-4074-BE75-EAD40A50DF58}.Ad-Hoc|Any CPU.Build.0 = Release|Any CPU
		{7FCB98A9-7785-4074-BE75-EAD40A50DF58}.Ad-Hoc|ARM.ActiveCfg = Release|Any CPU
		{7FCB98A9-7785-4074-BE75-EAD40A50DF58}.Ad-Hoc|ARM.Build.0 = Release|Any CPU
		{7FCB98A9-7785-4074-BE75-EAD40A50DF58}.Ad-Hoc|iPhone.ActiveCfg = Release|Any CPU
		{7FCB98A9-7785-4074-BE75-EAD40A50DF58}.Ad-Hoc|iPhone.Build.0 = Release|Any CPU
		{7FCB98A9-7785-4074-BE75-EAD40A50DF58}.Ad-Hoc|iPhoneSimulator.ActiveCfg = Release|Any CPU
		{7FCB98A9-7785-4074-BE75-EAD40A50DF58}.Ad-Hoc|iPhoneSimulator.Build.0 = Release|Any CPU
		{7FCB98A9-7785-4074-BE75-EAD40A50DF58}.Ad-Hoc|x64.ActiveCfg = Release|Any CPU
		{7FCB98A9-7785-4074-BE75-EAD40A50DF58}.Ad-Hoc|x64.Build.0 = Release|Any CPU
		{7FCB98A9-7785-4074-BE75-EAD40A50DF58}.Ad-Hoc|x86.ActiveCfg = Release|Any CPU
		{7FCB98A9-7785-4074-BE75-EAD40A50DF58}.Ad-Hoc|x86.Build.0 = Release|Any CPU
		{7FCB98A9-7785-4074-BE75-EAD40A50DF58}.AppStore|Any CPU.ActiveCfg = Release|Any CPU
		{7FCB98A9-7785-4074-BE75-EAD40A50DF58}.AppStore|Any CPU.Build.0 = Release|Any CPU
		{7FCB98A9-7785-4074-BE75-EAD40A50DF58}.AppStore|ARM.ActiveCfg = Release|Any CPU
		{7FCB98A9-7785-4074-BE75-EAD40A50DF58}.AppStore|ARM.Build.0 = Release|Any CPU
		{7FCB98A9-7785-4074-BE75-EAD40A50DF58}.AppStore|iPhone.ActiveCfg = Release|Any CPU
		{7FCB98A9-7785-4074-BE75-EAD40A50DF58}.AppStore|iPhone.Build.0 = Release|Any CPU
		{7FCB98A9-7785-4074-BE75-EAD40A50DF58}.AppStore|iPhoneSimulator.ActiveCfg = Release|Any CPU
		{7FCB98A9-7785-4074-BE75-EAD40A50DF58}.AppStore|iPhoneSimulator.Build.0 = Release|Any CPU
		{7FCB98A9-7785-4074-BE75-EAD40A50DF58}.AppStore|x64.ActiveCfg = Release|Any CPU
		{7FCB98A9-7785-4074-BE75-EAD40A50DF58}.AppStore|x64.Build.0 = Release|Any CPU
		{7FCB98A9-7785-4074-BE75-EAD40A50DF58}.AppStore|x86.ActiveCfg = Release|Any CPU
		{7FCB98A9-7785-4074-BE75-EAD40A50DF58}.AppStore|x86.Build.0 = Release|Any CPU
		{7FCB98A9-7785-4074-BE75-EAD40A50DF58}.Debug|Any CPU.ActiveCfg = Debug|Any CPU
		{7FCB98A9-7785-4074-BE75-EAD40A50DF58}.Debug|Any CPU.Build.0 = Debug|Any CPU
		{7FCB98A9-7785-4074-BE75-EAD40A50DF58}.Debug|ARM.ActiveCfg = Debug|Any CPU
		{7FCB98A9-7785-4074-BE75-EAD40A50DF58}.Debug|ARM.Build.0 = Debug|Any CPU
		{7FCB98A9-7785-4074-BE75-EAD40A50DF58}.Debug|iPhone.ActiveCfg = Debug|Any CPU
		{7FCB98A9-7785-4074-BE75-EAD40A50DF58}.Debug|iPhone.Build.0 = Debug|Any CPU
		{7FCB98A9-7785-4074-BE75-EAD40A50DF58}.Debug|iPhoneSimulator.ActiveCfg = Debug|Any CPU
		{7FCB98A9-7785-4074-BE75-EAD40A50DF58}.Debug|iPhoneSimulator.Build.0 = Debug|Any CPU
		{7FCB98A9-7785-4074-BE75-EAD40A50DF58}.Debug|x64.ActiveCfg = Debug|Any CPU
		{7FCB98A9-7785-4074-BE75-EAD40A50DF58}.Debug|x64.Build.0 = Debug|Any CPU
		{7FCB98A9-7785-4074-BE75-EAD40A50DF58}.Debug|x86.ActiveCfg = Debug|Any CPU
		{7FCB98A9-7785-4074-BE75-EAD40A50DF58}.Debug|x86.Build.0 = Debug|Any CPU
		{7FCB98A9-7785-4074-BE75-EAD40A50DF58}.iOS Build|Any CPU.ActiveCfg = Debug|Any CPU
		{7FCB98A9-7785-4074-BE75-EAD40A50DF58}.iOS Build|Any CPU.Build.0 = Debug|Any CPU
		{7FCB98A9-7785-4074-BE75-EAD40A50DF58}.iOS Build|ARM.ActiveCfg = Debug|Any CPU
		{7FCB98A9-7785-4074-BE75-EAD40A50DF58}.iOS Build|ARM.Build.0 = Debug|Any CPU
		{7FCB98A9-7785-4074-BE75-EAD40A50DF58}.iOS Build|iPhone.ActiveCfg = Release|Any CPU
		{7FCB98A9-7785-4074-BE75-EAD40A50DF58}.iOS Build|iPhone.Build.0 = Release|Any CPU
		{7FCB98A9-7785-4074-BE75-EAD40A50DF58}.iOS Build|iPhoneSimulator.ActiveCfg = Release|Any CPU
		{7FCB98A9-7785-4074-BE75-EAD40A50DF58}.iOS Build|iPhoneSimulator.Build.0 = Release|Any CPU
		{7FCB98A9-7785-4074-BE75-EAD40A50DF58}.iOS Build|x64.ActiveCfg = Debug|Any CPU
		{7FCB98A9-7785-4074-BE75-EAD40A50DF58}.iOS Build|x64.Build.0 = Debug|Any CPU
		{7FCB98A9-7785-4074-BE75-EAD40A50DF58}.iOS Build|x86.ActiveCfg = Debug|Any CPU
		{7FCB98A9-7785-4074-BE75-EAD40A50DF58}.iOS Build|x86.Build.0 = Debug|Any CPU
		{7FCB98A9-7785-4074-BE75-EAD40A50DF58}.Release|Any CPU.ActiveCfg = Release|Any CPU
		{7FCB98A9-7785-4074-BE75-EAD40A50DF58}.Release|Any CPU.Build.0 = Release|Any CPU
		{7FCB98A9-7785-4074-BE75-EAD40A50DF58}.Release|ARM.ActiveCfg = Release|Any CPU
		{7FCB98A9-7785-4074-BE75-EAD40A50DF58}.Release|ARM.Build.0 = Release|Any CPU
		{7FCB98A9-7785-4074-BE75-EAD40A50DF58}.Release|iPhone.ActiveCfg = Release|Any CPU
		{7FCB98A9-7785-4074-BE75-EAD40A50DF58}.Release|iPhone.Build.0 = Release|Any CPU
		{7FCB98A9-7785-4074-BE75-EAD40A50DF58}.Release|iPhoneSimulator.ActiveCfg = Release|Any CPU
		{7FCB98A9-7785-4074-BE75-EAD40A50DF58}.Release|iPhoneSimulator.Build.0 = Release|Any CPU
		{7FCB98A9-7785-4074-BE75-EAD40A50DF58}.Release|x64.ActiveCfg = Release|Any CPU
		{7FCB98A9-7785-4074-BE75-EAD40A50DF58}.Release|x64.Build.0 = Release|Any CPU
		{7FCB98A9-7785-4074-BE75-EAD40A50DF58}.Release|x86.ActiveCfg = Release|Any CPU
		{7FCB98A9-7785-4074-BE75-EAD40A50DF58}.Release|x86.Build.0 = Release|Any CPU
		{7DFCEE8D-8197-4BA1-AD78-BDA440AA8337}.Ad-Hoc|Any CPU.ActiveCfg = Release|Any CPU
		{7DFCEE8D-8197-4BA1-AD78-BDA440AA8337}.Ad-Hoc|Any CPU.Build.0 = Release|Any CPU
		{7DFCEE8D-8197-4BA1-AD78-BDA440AA8337}.Ad-Hoc|ARM.ActiveCfg = Release|Any CPU
		{7DFCEE8D-8197-4BA1-AD78-BDA440AA8337}.Ad-Hoc|ARM.Build.0 = Release|Any CPU
		{7DFCEE8D-8197-4BA1-AD78-BDA440AA8337}.Ad-Hoc|iPhone.ActiveCfg = Release|Any CPU
		{7DFCEE8D-8197-4BA1-AD78-BDA440AA8337}.Ad-Hoc|iPhone.Build.0 = Release|Any CPU
		{7DFCEE8D-8197-4BA1-AD78-BDA440AA8337}.Ad-Hoc|iPhoneSimulator.ActiveCfg = Release|Any CPU
		{7DFCEE8D-8197-4BA1-AD78-BDA440AA8337}.Ad-Hoc|iPhoneSimulator.Build.0 = Release|Any CPU
		{7DFCEE8D-8197-4BA1-AD78-BDA440AA8337}.Ad-Hoc|x64.ActiveCfg = Release|Any CPU
		{7DFCEE8D-8197-4BA1-AD78-BDA440AA8337}.Ad-Hoc|x64.Build.0 = Release|Any CPU
		{7DFCEE8D-8197-4BA1-AD78-BDA440AA8337}.Ad-Hoc|x86.ActiveCfg = Release|Any CPU
		{7DFCEE8D-8197-4BA1-AD78-BDA440AA8337}.Ad-Hoc|x86.Build.0 = Release|Any CPU
		{7DFCEE8D-8197-4BA1-AD78-BDA440AA8337}.AppStore|Any CPU.ActiveCfg = Release|Any CPU
		{7DFCEE8D-8197-4BA1-AD78-BDA440AA8337}.AppStore|Any CPU.Build.0 = Release|Any CPU
		{7DFCEE8D-8197-4BA1-AD78-BDA440AA8337}.AppStore|ARM.ActiveCfg = Release|Any CPU
		{7DFCEE8D-8197-4BA1-AD78-BDA440AA8337}.AppStore|ARM.Build.0 = Release|Any CPU
		{7DFCEE8D-8197-4BA1-AD78-BDA440AA8337}.AppStore|iPhone.ActiveCfg = Release|Any CPU
		{7DFCEE8D-8197-4BA1-AD78-BDA440AA8337}.AppStore|iPhone.Build.0 = Release|Any CPU
		{7DFCEE8D-8197-4BA1-AD78-BDA440AA8337}.AppStore|iPhoneSimulator.ActiveCfg = Release|Any CPU
		{7DFCEE8D-8197-4BA1-AD78-BDA440AA8337}.AppStore|iPhoneSimulator.Build.0 = Release|Any CPU
		{7DFCEE8D-8197-4BA1-AD78-BDA440AA8337}.AppStore|x64.ActiveCfg = Release|Any CPU
		{7DFCEE8D-8197-4BA1-AD78-BDA440AA8337}.AppStore|x64.Build.0 = Release|Any CPU
		{7DFCEE8D-8197-4BA1-AD78-BDA440AA8337}.AppStore|x86.ActiveCfg = Release|Any CPU
		{7DFCEE8D-8197-4BA1-AD78-BDA440AA8337}.AppStore|x86.Build.0 = Release|Any CPU
		{7DFCEE8D-8197-4BA1-AD78-BDA440AA8337}.Debug|Any CPU.ActiveCfg = Debug|Any CPU
		{7DFCEE8D-8197-4BA1-AD78-BDA440AA8337}.Debug|Any CPU.Build.0 = Debug|Any CPU
		{7DFCEE8D-8197-4BA1-AD78-BDA440AA8337}.Debug|ARM.ActiveCfg = Debug|Any CPU
		{7DFCEE8D-8197-4BA1-AD78-BDA440AA8337}.Debug|ARM.Build.0 = Debug|Any CPU
		{7DFCEE8D-8197-4BA1-AD78-BDA440AA8337}.Debug|iPhone.ActiveCfg = Debug|Any CPU
		{7DFCEE8D-8197-4BA1-AD78-BDA440AA8337}.Debug|iPhone.Build.0 = Debug|Any CPU
		{7DFCEE8D-8197-4BA1-AD78-BDA440AA8337}.Debug|iPhoneSimulator.ActiveCfg = Debug|Any CPU
		{7DFCEE8D-8197-4BA1-AD78-BDA440AA8337}.Debug|iPhoneSimulator.Build.0 = Debug|Any CPU
		{7DFCEE8D-8197-4BA1-AD78-BDA440AA8337}.Debug|x64.ActiveCfg = Debug|Any CPU
		{7DFCEE8D-8197-4BA1-AD78-BDA440AA8337}.Debug|x64.Build.0 = Debug|Any CPU
		{7DFCEE8D-8197-4BA1-AD78-BDA440AA8337}.Debug|x86.ActiveCfg = Debug|Any CPU
		{7DFCEE8D-8197-4BA1-AD78-BDA440AA8337}.Debug|x86.Build.0 = Debug|Any CPU
		{7DFCEE8D-8197-4BA1-AD78-BDA440AA8337}.iOS Build|Any CPU.ActiveCfg = Debug|Any CPU
		{7DFCEE8D-8197-4BA1-AD78-BDA440AA8337}.iOS Build|Any CPU.Build.0 = Debug|Any CPU
		{7DFCEE8D-8197-4BA1-AD78-BDA440AA8337}.iOS Build|ARM.ActiveCfg = Debug|Any CPU
		{7DFCEE8D-8197-4BA1-AD78-BDA440AA8337}.iOS Build|ARM.Build.0 = Debug|Any CPU
		{7DFCEE8D-8197-4BA1-AD78-BDA440AA8337}.iOS Build|iPhone.ActiveCfg = Release|Any CPU
		{7DFCEE8D-8197-4BA1-AD78-BDA440AA8337}.iOS Build|iPhone.Build.0 = Release|Any CPU
		{7DFCEE8D-8197-4BA1-AD78-BDA440AA8337}.iOS Build|iPhoneSimulator.ActiveCfg = Release|Any CPU
		{7DFCEE8D-8197-4BA1-AD78-BDA440AA8337}.iOS Build|iPhoneSimulator.Build.0 = Release|Any CPU
		{7DFCEE8D-8197-4BA1-AD78-BDA440AA8337}.iOS Build|x64.ActiveCfg = Debug|Any CPU
		{7DFCEE8D-8197-4BA1-AD78-BDA440AA8337}.iOS Build|x64.Build.0 = Debug|Any CPU
		{7DFCEE8D-8197-4BA1-AD78-BDA440AA8337}.iOS Build|x86.ActiveCfg = Debug|Any CPU
		{7DFCEE8D-8197-4BA1-AD78-BDA440AA8337}.iOS Build|x86.Build.0 = Debug|Any CPU
		{7DFCEE8D-8197-4BA1-AD78-BDA440AA8337}.Release|Any CPU.ActiveCfg = Release|Any CPU
		{7DFCEE8D-8197-4BA1-AD78-BDA440AA8337}.Release|Any CPU.Build.0 = Release|Any CPU
		{7DFCEE8D-8197-4BA1-AD78-BDA440AA8337}.Release|ARM.ActiveCfg = Release|Any CPU
		{7DFCEE8D-8197-4BA1-AD78-BDA440AA8337}.Release|ARM.Build.0 = Release|Any CPU
		{7DFCEE8D-8197-4BA1-AD78-BDA440AA8337}.Release|iPhone.ActiveCfg = Release|Any CPU
		{7DFCEE8D-8197-4BA1-AD78-BDA440AA8337}.Release|iPhone.Build.0 = Release|Any CPU
		{7DFCEE8D-8197-4BA1-AD78-BDA440AA8337}.Release|iPhoneSimulator.ActiveCfg = Release|Any CPU
		{7DFCEE8D-8197-4BA1-AD78-BDA440AA8337}.Release|iPhoneSimulator.Build.0 = Release|Any CPU
		{7DFCEE8D-8197-4BA1-AD78-BDA440AA8337}.Release|x64.ActiveCfg = Release|Any CPU
		{7DFCEE8D-8197-4BA1-AD78-BDA440AA8337}.Release|x64.Build.0 = Release|Any CPU
		{7DFCEE8D-8197-4BA1-AD78-BDA440AA8337}.Release|x86.ActiveCfg = Release|Any CPU
		{7DFCEE8D-8197-4BA1-AD78-BDA440AA8337}.Release|x86.Build.0 = Release|Any CPU
		{EC06F587-499C-4247-BA95-0D9703A8D772}.Ad-Hoc|Any CPU.ActiveCfg = Ad-Hoc|iPhone
		{EC06F587-499C-4247-BA95-0D9703A8D772}.Ad-Hoc|ARM.ActiveCfg = Ad-Hoc|iPhone
		{EC06F587-499C-4247-BA95-0D9703A8D772}.Ad-Hoc|iPhone.ActiveCfg = Ad-Hoc|iPhone
		{EC06F587-499C-4247-BA95-0D9703A8D772}.Ad-Hoc|iPhone.Build.0 = Ad-Hoc|iPhone
		{EC06F587-499C-4247-BA95-0D9703A8D772}.Ad-Hoc|iPhoneSimulator.ActiveCfg = Ad-Hoc|iPhoneSimulator
		{EC06F587-499C-4247-BA95-0D9703A8D772}.Ad-Hoc|iPhoneSimulator.Build.0 = Ad-Hoc|iPhoneSimulator
		{EC06F587-499C-4247-BA95-0D9703A8D772}.Ad-Hoc|x64.ActiveCfg = Ad-Hoc|iPhone
		{EC06F587-499C-4247-BA95-0D9703A8D772}.Ad-Hoc|x86.ActiveCfg = Ad-Hoc|iPhone
		{EC06F587-499C-4247-BA95-0D9703A8D772}.AppStore|Any CPU.ActiveCfg = AppStore|iPhone
		{EC06F587-499C-4247-BA95-0D9703A8D772}.AppStore|ARM.ActiveCfg = AppStore|iPhone
		{EC06F587-499C-4247-BA95-0D9703A8D772}.AppStore|iPhone.ActiveCfg = AppStore|iPhone
		{EC06F587-499C-4247-BA95-0D9703A8D772}.AppStore|iPhone.Build.0 = AppStore|iPhone
		{EC06F587-499C-4247-BA95-0D9703A8D772}.AppStore|iPhoneSimulator.ActiveCfg = AppStore|iPhoneSimulator
		{EC06F587-499C-4247-BA95-0D9703A8D772}.AppStore|iPhoneSimulator.Build.0 = AppStore|iPhoneSimulator
		{EC06F587-499C-4247-BA95-0D9703A8D772}.AppStore|x64.ActiveCfg = AppStore|iPhone
		{EC06F587-499C-4247-BA95-0D9703A8D772}.AppStore|x86.ActiveCfg = AppStore|iPhone
		{EC06F587-499C-4247-BA95-0D9703A8D772}.Debug|Any CPU.ActiveCfg = Debug|iPhone
		{EC06F587-499C-4247-BA95-0D9703A8D772}.Debug|ARM.ActiveCfg = Debug|iPhone
		{EC06F587-499C-4247-BA95-0D9703A8D772}.Debug|iPhone.ActiveCfg = Debug|iPhone
		{EC06F587-499C-4247-BA95-0D9703A8D772}.Debug|iPhone.Build.0 = Debug|iPhone
		{EC06F587-499C-4247-BA95-0D9703A8D772}.Debug|iPhoneSimulator.ActiveCfg = Debug|iPhoneSimulator
		{EC06F587-499C-4247-BA95-0D9703A8D772}.Debug|iPhoneSimulator.Build.0 = Debug|iPhoneSimulator
		{EC06F587-499C-4247-BA95-0D9703A8D772}.Debug|x64.ActiveCfg = Debug|iPhone
		{EC06F587-499C-4247-BA95-0D9703A8D772}.Debug|x86.ActiveCfg = Debug|iPhone
		{EC06F587-499C-4247-BA95-0D9703A8D772}.iOS Build|Any CPU.ActiveCfg = iOS Build|iPhone
		{EC06F587-499C-4247-BA95-0D9703A8D772}.iOS Build|ARM.ActiveCfg = iOS Build|iPhone
		{EC06F587-499C-4247-BA95-0D9703A8D772}.iOS Build|iPhone.ActiveCfg = iOS Build|iPhone
		{EC06F587-499C-4247-BA95-0D9703A8D772}.iOS Build|iPhone.Build.0 = iOS Build|iPhone
		{EC06F587-499C-4247-BA95-0D9703A8D772}.iOS Build|iPhoneSimulator.ActiveCfg = iOS Build|iPhoneSimulator
		{EC06F587-499C-4247-BA95-0D9703A8D772}.iOS Build|iPhoneSimulator.Build.0 = iOS Build|iPhoneSimulator
		{EC06F587-499C-4247-BA95-0D9703A8D772}.iOS Build|x64.ActiveCfg = iOS Build|iPhone
		{EC06F587-499C-4247-BA95-0D9703A8D772}.iOS Build|x86.ActiveCfg = iOS Build|iPhone
		{EC06F587-499C-4247-BA95-0D9703A8D772}.Release|Any CPU.ActiveCfg = Release|iPhone
		{EC06F587-499C-4247-BA95-0D9703A8D772}.Release|ARM.ActiveCfg = Release|iPhone
		{EC06F587-499C-4247-BA95-0D9703A8D772}.Release|iPhone.ActiveCfg = Release|iPhone
		{EC06F587-499C-4247-BA95-0D9703A8D772}.Release|iPhone.Build.0 = Release|iPhone
		{EC06F587-499C-4247-BA95-0D9703A8D772}.Release|iPhoneSimulator.ActiveCfg = Release|iPhoneSimulator
		{EC06F587-499C-4247-BA95-0D9703A8D772}.Release|iPhoneSimulator.Build.0 = Release|iPhoneSimulator
		{EC06F587-499C-4247-BA95-0D9703A8D772}.Release|x64.ActiveCfg = Release|iPhone
		{EC06F587-499C-4247-BA95-0D9703A8D772}.Release|x86.ActiveCfg = Release|iPhone
	EndGlobalSection
	GlobalSection(SolutionProperties) = preSolution
		HideSolutionNode = FALSE
	EndGlobalSection
	GlobalSection(ExtensibilityGlobals) = postSolution
		SolutionGuid = {E716AD00-DEF8-468E-A20E-1E1F6CEFB4BB}
	EndGlobalSection
EndGlobal
