
Microsoft Visual Studio Solution File, Format Version 12.00
# Visual Studio 15
VisualStudioVersion = 15.0.27004.2009
MinimumVisualStudioVersion = 10.0.40219.1
Project("{FAE04EC0-301F-11D3-BF4B-00C04F79EFBC}") = "LagoVista.Simulator.Windows", "src\LagoVista.Simulator.Windows\LagoVista.Simulator.Windows.csproj", "{42696275-B7C9-4553-87F8-D635B8A27C97}"
EndProject
Project("{9A19103F-16F7-4668-BE54-9A1E7A4F7556}") = "LagoVista.Simulator.Core", "src\LagoVista.Simulator.Core\LagoVista.Simulator.Core.csproj", "{7FCB98A9-7785-4074-BE75-EAD40A50DF58}"
EndProject
Project("{9A19103F-16F7-4668-BE54-9A1E7A4F7556}") = "LagoVista.Simulator", "src\LagoVista.Simulator\LagoVista.Simulator.csproj", "{7DFCEE8D-8197-4BA1-AD78-BDA440AA8337}"
EndProject
Project("{FAE04EC0-301F-11D3-BF4B-00C04F79EFBC}") = "LagoVista.Simulator.iOS", "src\LagoVista.Simulator.iOS\LagoVista.Simulator.iOS.csproj", "{EC06F587-499C-4247-BA95-0D9703A8D772}"
EndProject
Project("{2150E333-8FDC-42A3-9474-1A3956D46DE8}") = "Solution Items", "Solution Items", "{3AC3F308-8DBE-49F6-9016-DED28264D322}"
	ProjectSection(SolutionItems) = preProject
		appcenter-post-clone.ps1 = appcenter-post-clone.ps1
		appcenter-pre-build.sh = appcenter-pre-build.sh
	EndProjectSection
EndProject
Project("{FAE04EC0-301F-11D3-BF4B-00C04F79EFBC}") = "LagoVista.Simulator.Droid", "src\LagoVista.Simulator.Droid\LagoVista.Simulator.Droid.csproj", "{BACFF6DB-F340-4886-94F7-582867B1A1DB}"
EndProject
Project("{2150E333-8FDC-42A3-9474-1A3956D46DE8}") = "Common", "Common", "{5F9EF280-4AB5-4331-BC94-E04A6930B19B}"
EndProject
Project("{2150E333-8FDC-42A3-9474-1A3956D46DE8}") = "Platforms", "Platforms", "{17EA30A6-84A6-4F0B-B435-A0104A5BE24D}"
EndProject
Project("{2150E333-8FDC-42A3-9474-1A3956D46DE8}") = "Tests", "Tests", "{6C8A60F3-7F9A-4776-ABC4-848AB32E6511}"
EndProject
Project("{FAE04EC0-301F-11D3-BF4B-00C04F79EFBC}") = "LagoVista.Simulator.Tests", "tests\LagoVista.Simulator.Tests\LagoVista.Simulator.Tests.csproj", "{F34ED457-4812-427C-9F2D-9E5105EB8D91}"
EndProject
Global
	GlobalSection(SolutionConfigurationPlatforms) = preSolution
		Ad-Hoc|Any CPU = Ad-Hoc|Any CPU
		Ad-Hoc|ARM = Ad-Hoc|ARM
		Ad-Hoc|iPhone = Ad-Hoc|iPhone
		Ad-Hoc|iPhoneSimulator = Ad-Hoc|iPhoneSimulator
		Ad-Hoc|x64 = Ad-Hoc|x64
		Ad-Hoc|x86 = Ad-Hoc|x86
		AppStore|Any CPU = AppStore|Any CPU
		AppStore|ARM = AppStore|ARM
		AppStore|iPhone = AppStore|iPhone
		AppStore|iPhoneSimulator = AppStore|iPhoneSimulator
		AppStore|x64 = AppStore|x64
		AppStore|x86 = AppStore|x86
		Debug|Any CPU = Debug|Any CPU
		Debug|ARM = Debug|ARM
		Debug|iPhone = Debug|iPhone
		Debug|iPhoneSimulator = Debug|iPhoneSimulator
		Debug|x64 = Debug|x64
		Debug|x86 = Debug|x86
		iOS Build|Any CPU = iOS Build|Any CPU
		iOS Build|ARM = iOS Build|ARM
		iOS Build|iPhone = iOS Build|iPhone
		iOS Build|iPhoneSimulator = iOS Build|iPhoneSimulator
		iOS Build|x64 = iOS Build|x64
		iOS Build|x86 = iOS Build|x86
		Release|Any CPU = Release|Any CPU
		Release|ARM = Release|ARM
		Release|iPhone = Release|iPhone
		Release|iPhoneSimulator = Release|iPhoneSimulator
		Release|x64 = Release|x64
		Release|x86 = Release|x86
	EndGlobalSection
	GlobalSection(ProjectConfigurationPlatforms) = postSolution
		{42696275-B7C9-4553-87F8-D635B8A27C97}.Ad-Hoc|Any CPU.ActiveCfg = Release|x64
		{42696275-B7C9-4553-87F8-D635B8A27C97}.Ad-Hoc|Any CPU.Build.0 = Release|x64
		{42696275-B7C9-4553-87F8-D635B8A27C97}.Ad-Hoc|Any CPU.Deploy.0 = Release|x64
		{42696275-B7C9-4553-87F8-D635B8A27C97}.Ad-Hoc|ARM.ActiveCfg = Release|ARM
		{42696275-B7C9-4553-87F8-D635B8A27C97}.Ad-Hoc|ARM.Build.0 = Release|ARM
		{42696275-B7C9-4553-87F8-D635B8A27C97}.Ad-Hoc|ARM.Deploy.0 = Release|ARM
		{42696275-B7C9-4553-87F8-D635B8A27C97}.Ad-Hoc|iPhone.ActiveCfg = Release|x64
		{42696275-B7C9-4553-87F8-D635B8A27C97}.Ad-Hoc|iPhone.Build.0 = Release|x64
		{42696275-B7C9-4553-87F8-D635B8A27C97}.Ad-Hoc|iPhone.Deploy.0 = Release|x64
		{42696275-B7C9-4553-87F8-D635B8A27C97}.Ad-Hoc|iPhoneSimulator.ActiveCfg = Release|x64
		{42696275-B7C9-4553-87F8-D635B8A27C97}.Ad-Hoc|iPhoneSimulator.Build.0 = Release|x64
		{42696275-B7C9-4553-87F8-D635B8A27C97}.Ad-Hoc|iPhoneSimulator.Deploy.0 = Release|x64
		{42696275-B7C9-4553-87F8-D635B8A27C97}.Ad-Hoc|x64.ActiveCfg = Release|x64
		{42696275-B7C9-4553-87F8-D635B8A27C97}.Ad-Hoc|x64.Build.0 = Release|x64
		{42696275-B7C9-4553-87F8-D635B8A27C97}.Ad-Hoc|x64.Deploy.0 = Release|x64
		{42696275-B7C9-4553-87F8-D635B8A27C97}.Ad-Hoc|x86.ActiveCfg = Release|x86
		{42696275-B7C9-4553-87F8-D635B8A27C97}.Ad-Hoc|x86.Build.0 = Release|x86
		{42696275-B7C9-4553-87F8-D635B8A27C97}.Ad-Hoc|x86.Deploy.0 = Release|x86
		{42696275-B7C9-4553-87F8-D635B8A27C97}.AppStore|Any CPU.ActiveCfg = Release|x64
		{42696275-B7C9-4553-87F8-D635B8A27C97}.AppStore|Any CPU.Build.0 = Release|x64
		{42696275-B7C9-4553-87F8-D635B8A27C97}.AppStore|Any CPU.Deploy.0 = Release|x64
		{42696275-B7C9-4553-87F8-D635B8A27C97}.AppStore|ARM.ActiveCfg = Release|ARM
		{42696275-B7C9-4553-87F8-D635B8A27C97}.AppStore|ARM.Build.0 = Release|ARM
		{42696275-B7C9-4553-87F8-D635B8A27C97}.AppStore|ARM.Deploy.0 = Release|ARM
		{42696275-B7C9-4553-87F8-D635B8A27C97}.AppStore|iPhone.ActiveCfg = Release|x64
		{42696275-B7C9-4553-87F8-D635B8A27C97}.AppStore|iPhone.Build.0 = Release|x64
		{42696275-B7C9-4553-87F8-D635B8A27C97}.AppStore|iPhone.Deploy.0 = Release|x64
		{42696275-B7C9-4553-87F8-D635B8A27C97}.AppStore|iPhoneSimulator.ActiveCfg = Release|x64
		{42696275-B7C9-4553-87F8-D635B8A27C97}.AppStore|iPhoneSimulator.Build.0 = Release|x64
		{42696275-B7C9-4553-87F8-D635B8A27C97}.AppStore|iPhoneSimulator.Deploy.0 = Release|x64
		{42696275-B7C9-4553-87F8-D635B8A27C97}.AppStore|x64.ActiveCfg = Release|x64
		{42696275-B7C9-4553-87F8-D635B8A27C97}.AppStore|x64.Build.0 = Release|x64
		{42696275-B7C9-4553-87F8-D635B8A27C97}.AppStore|x64.Deploy.0 = Release|x64
		{42696275-B7C9-4553-87F8-D635B8A27C97}.AppStore|x86.ActiveCfg = Release|x86
		{42696275-B7C9-4553-87F8-D635B8A27C97}.AppStore|x86.Build.0 = Release|x86
		{42696275-B7C9-4553-87F8-D635B8A27C97}.AppStore|x86.Deploy.0 = Release|x86
		{42696275-B7C9-4553-87F8-D635B8A27C97}.Debug|Any CPU.ActiveCfg = Debug|x86
		{42696275-B7C9-4553-87F8-D635B8A27C97}.Debug|ARM.ActiveCfg = Debug|ARM
		{42696275-B7C9-4553-87F8-D635B8A27C97}.Debug|ARM.Build.0 = Debug|ARM
		{42696275-B7C9-4553-87F8-D635B8A27C97}.Debug|ARM.Deploy.0 = Debug|ARM
		{42696275-B7C9-4553-87F8-D635B8A27C97}.Debug|iPhone.ActiveCfg = Debug|x86
		{42696275-B7C9-4553-87F8-D635B8A27C97}.Debug|iPhoneSimulator.ActiveCfg = Debug|x86
		{42696275-B7C9-4553-87F8-D635B8A27C97}.Debug|x64.ActiveCfg = Debug|x64
		{42696275-B7C9-4553-87F8-D635B8A27C97}.Debug|x64.Build.0 = Debug|x64
		{42696275-B7C9-4553-87F8-D635B8A27C97}.Debug|x64.Deploy.0 = Debug|x64
		{42696275-B7C9-4553-87F8-D635B8A27C97}.Debug|x86.ActiveCfg = Debug|x86
		{42696275-B7C9-4553-87F8-D635B8A27C97}.Debug|x86.Build.0 = Debug|x86
		{42696275-B7C9-4553-87F8-D635B8A27C97}.Debug|x86.Deploy.0 = Debug|x86
		{42696275-B7C9-4553-87F8-D635B8A27C97}.iOS Build|Any CPU.ActiveCfg = iOS Build|x86
		{42696275-B7C9-4553-87F8-D635B8A27C97}.iOS Build|ARM.ActiveCfg = iOS Build|ARM
		{42696275-B7C9-4553-87F8-D635B8A27C97}.iOS Build|ARM.Build.0 = iOS Build|ARM
		{42696275-B7C9-4553-87F8-D635B8A27C97}.iOS Build|ARM.Deploy.0 = iOS Build|ARM
		{42696275-B7C9-4553-87F8-D635B8A27C97}.iOS Build|iPhone.ActiveCfg = iOS Build|x86
		{42696275-B7C9-4553-87F8-D635B8A27C97}.iOS Build|iPhoneSimulator.ActiveCfg = iOS Build|x86
		{42696275-B7C9-4553-87F8-D635B8A27C97}.iOS Build|x64.ActiveCfg = iOS Build|x64
		{42696275-B7C9-4553-87F8-D635B8A27C97}.iOS Build|x64.Build.0 = iOS Build|x64
		{42696275-B7C9-4553-87F8-D635B8A27C97}.iOS Build|x64.Deploy.0 = iOS Build|x64
		{42696275-B7C9-4553-87F8-D635B8A27C97}.iOS Build|x86.ActiveCfg = iOS Build|x86
		{42696275-B7C9-4553-87F8-D635B8A27C97}.iOS Build|x86.Build.0 = iOS Build|x86
		{42696275-B7C9-4553-87F8-D635B8A27C97}.iOS Build|x86.Deploy.0 = iOS Build|x86
		{42696275-B7C9-4553-87F8-D635B8A27C97}.Release|Any CPU.ActiveCfg = Release|x86
		{42696275-B7C9-4553-87F8-D635B8A27C97}.Release|ARM.ActiveCfg = Release|ARM
		{42696275-B7C9-4553-87F8-D635B8A27C97}.Release|ARM.Build.0 = Release|ARM
		{42696275-B7C9-4553-87F8-D635B8A27C97}.Release|ARM.Deploy.0 = Release|ARM
		{42696275-B7C9-4553-87F8-D635B8A27C97}.Release|iPhone.ActiveCfg = Release|x86
		{42696275-B7C9-4553-87F8-D635B8A27C97}.Release|iPhoneSimulator.ActiveCfg = Release|x86
		{42696275-B7C9-4553-87F8-D635B8A27C97}.Release|x64.ActiveCfg = Release|x64
		{42696275-B7C9-4553-87F8-D635B8A27C97}.Release|x64.Build.0 = Release|x64
		{42696275-B7C9-4553-87F8-D635B8A27C97}.Release|x64.Deploy.0 = Release|x64
		{42696275-B7C9-4553-87F8-D635B8A27C97}.Release|x86.ActiveCfg = Release|x86
		{42696275-B7C9-4553-87F8-D635B8A27C97}.Release|x86.Build.0 = Release|x86
		{42696275-B7C9-4553-87F8-D635B8A27C97}.Release|x86.Deploy.0 = Release|x86
		{7FCB98A9-7785-4074-BE75-EAD40A50DF58}.Ad-Hoc|Any CPU.ActiveCfg = Release|Any CPU
		{7FCB98A9-7785-4074-BE75-EAD40A50DF58}.Ad-Hoc|Any CPU.Build.0 = Release|Any CPU
		{7FCB98A9-7785-4074-BE75-EAD40A50DF58}.Ad-Hoc|ARM.ActiveCfg = Release|Any CPU
		{7FCB98A9-7785-4074-BE75-EAD40A50DF58}.Ad-Hoc|ARM.Build.0 = Release|Any CPU
		{7FCB98A9-7785-4074-BE75-EAD40A50DF58}.Ad-Hoc|iPhone.ActiveCfg = Release|Any CPU
		{7FCB98A9-7785-4074-BE75-EAD40A50DF58}.Ad-Hoc|iPhone.Build.0 = Release|Any CPU
		{7FCB98A9-7785-4074-BE75-EAD40A50DF58}.Ad-Hoc|iPhoneSimulator.ActiveCfg = Release|Any CPU
		{7FCB98A9-7785-4074-BE75-EAD40A50DF58}.Ad-Hoc|iPhoneSimulator.Build.0 = Release|Any CPU
		{7FCB98A9-7785-4074-BE75-EAD40A50DF58}.Ad-Hoc|x64.ActiveCfg = Release|Any CPU
		{7FCB98A9-7785-4074-BE75-EAD40A50DF58}.Ad-Hoc|x64.Build.0 = Release|Any CPU
		{7FCB98A9-7785-4074-BE75-EAD40A50DF58}.Ad-Hoc|x86.ActiveCfg = Release|Any CPU
		{7FCB98A9-7785-4074-BE75-EAD40A50DF58}.Ad-Hoc|x86.Build.0 = Release|Any CPU
		{7FCB98A9-7785-4074-BE75-EAD40A50DF58}.AppStore|Any CPU.ActiveCfg = Release|Any CPU
		{7FCB98A9-7785-4074-BE75-EAD40A50DF58}.AppStore|Any CPU.Build.0 = Release|Any CPU
		{7FCB98A9-7785-4074-BE75-EAD40A50DF58}.AppStore|ARM.ActiveCfg = Release|Any CPU
		{7FCB98A9-7785-4074-BE75-EAD40A50DF58}.AppStore|ARM.Build.0 = Release|Any CPU
		{7FCB98A9-7785-4074-BE75-EAD40A50DF58}.AppStore|iPhone.ActiveCfg = Release|Any CPU
		{7FCB98A9-7785-4074-BE75-EAD40A50DF58}.AppStore|iPhone.Build.0 = Release|Any CPU
		{7FCB98A9-7785-4074-BE75-EAD40A50DF58}.AppStore|iPhoneSimulator.ActiveCfg = Release|Any CPU
		{7FCB98A9-7785-4074-BE75-EAD40A50DF58}.AppStore|iPhoneSimulator.Build.0 = Release|Any CPU
		{7FCB98A9-7785-4074-BE75-EAD40A50DF58}.AppStore|x64.ActiveCfg = Release|Any CPU
		{7FCB98A9-7785-4074-BE75-EAD40A50DF58}.AppStore|x64.Build.0 = Release|Any CPU
		{7FCB98A9-7785-4074-BE75-EAD40A50DF58}.AppStore|x86.ActiveCfg = Release|Any CPU
		{7FCB98A9-7785-4074-BE75-EAD40A50DF58}.AppStore|x86.Build.0 = Release|Any CPU
		{7FCB98A9-7785-4074-BE75-EAD40A50DF58}.Debug|Any CPU.ActiveCfg = Debug|Any CPU
		{7FCB98A9-7785-4074-BE75-EAD40A50DF58}.Debug|Any CPU.Build.0 = Debug|Any CPU
		{7FCB98A9-7785-4074-BE75-EAD40A50DF58}.Debug|ARM.ActiveCfg = Debug|Any CPU
		{7FCB98A9-7785-4074-BE75-EAD40A50DF58}.Debug|ARM.Build.0 = Debug|Any CPU
		{7FCB98A9-7785-4074-BE75-EAD40A50DF58}.Debug|iPhone.ActiveCfg = Debug|Any CPU
		{7FCB98A9-7785-4074-BE75-EAD40A50DF58}.Debug|iPhone.Build.0 = Debug|Any CPU
		{7FCB98A9-7785-4074-BE75-EAD40A50DF58}.Debug|iPhoneSimulator.ActiveCfg = Debug|Any CPU
		{7FCB98A9-7785-4074-BE75-EAD40A50DF58}.Debug|iPhoneSimulator.Build.0 = Debug|Any CPU
		{7FCB98A9-7785-4074-BE75-EAD40A50DF58}.Debug|x64.ActiveCfg = Debug|Any CPU
		{7FCB98A9-7785-4074-BE75-EAD40A50DF58}.Debug|x64.Build.0 = Debug|Any CPU
		{7FCB98A9-7785-4074-BE75-EAD40A50DF58}.Debug|x86.ActiveCfg = Debug|Any CPU
		{7FCB98A9-7785-4074-BE75-EAD40A50DF58}.Debug|x86.Build.0 = Debug|Any CPU
		{7FCB98A9-7785-4074-BE75-EAD40A50DF58}.iOS Build|Any CPU.ActiveCfg = Debug|Any CPU
		{7FCB98A9-7785-4074-BE75-EAD40A50DF58}.iOS Build|Any CPU.Build.0 = Debug|Any CPU
		{7FCB98A9-7785-4074-BE75-EAD40A50DF58}.iOS Build|ARM.ActiveCfg = Debug|Any CPU
		{7FCB98A9-7785-4074-BE75-EAD40A50DF58}.iOS Build|ARM.Build.0 = Debug|Any CPU
		{7FCB98A9-7785-4074-BE75-EAD40A50DF58}.iOS Build|iPhone.ActiveCfg = Release|Any CPU
		{7FCB98A9-7785-4074-BE75-EAD40A50DF58}.iOS Build|iPhone.Build.0 = Release|Any CPU
		{7FCB98A9-7785-4074-BE75-EAD40A50DF58}.iOS Build|iPhoneSimulator.ActiveCfg = Release|Any CPU
		{7FCB98A9-7785-4074-BE75-EAD40A50DF58}.iOS Build|iPhoneSimulator.Build.0 = Release|Any CPU
		{7FCB98A9-7785-4074-BE75-EAD40A50DF58}.iOS Build|x64.ActiveCfg = Debug|Any CPU
		{7FCB98A9-7785-4074-BE75-EAD40A50DF58}.iOS Build|x64.Build.0 = Debug|Any CPU
		{7FCB98A9-7785-4074-BE75-EAD40A50DF58}.iOS Build|x86.ActiveCfg = Debug|Any CPU
		{7FCB98A9-7785-4074-BE75-EAD40A50DF58}.iOS Build|x86.Build.0 = Debug|Any CPU
		{7FCB98A9-7785-4074-BE75-EAD40A50DF58}.Release|Any CPU.ActiveCfg = Release|Any CPU
		{7FCB98A9-7785-4074-BE75-EAD40A50DF58}.Release|Any CPU.Build.0 = Release|Any CPU
		{7FCB98A9-7785-4074-BE75-EAD40A50DF58}.Release|ARM.ActiveCfg = Release|Any CPU
		{7FCB98A9-7785-4074-BE75-EAD40A50DF58}.Release|ARM.Build.0 = Release|Any CPU
		{7FCB98A9-7785-4074-BE75-EAD40A50DF58}.Release|iPhone.ActiveCfg = Release|Any CPU
		{7FCB98A9-7785-4074-BE75-EAD40A50DF58}.Release|iPhone.Build.0 = Release|Any CPU
		{7FCB98A9-7785-4074-BE75-EAD40A50DF58}.Release|iPhoneSimulator.ActiveCfg = Release|Any CPU
		{7FCB98A9-7785-4074-BE75-EAD40A50DF58}.Release|iPhoneSimulator.Build.0 = Release|Any CPU
		{7FCB98A9-7785-4074-BE75-EAD40A50DF58}.Release|x64.ActiveCfg = Release|Any CPU
		{7FCB98A9-7785-4074-BE75-EAD40A50DF58}.Release|x64.Build.0 = Release|Any CPU
		{7FCB98A9-7785-4074-BE75-EAD40A50DF58}.Release|x86.ActiveCfg = Release|Any CPU
		{7FCB98A9-7785-4074-BE75-EAD40A50DF58}.Release|x86.Build.0 = Release|Any CPU
		{7DFCEE8D-8197-4BA1-AD78-BDA440AA8337}.Ad-Hoc|Any CPU.ActiveCfg = Release|Any CPU
		{7DFCEE8D-8197-4BA1-AD78-BDA440AA8337}.Ad-Hoc|Any CPU.Build.0 = Release|Any CPU
		{7DFCEE8D-8197-4BA1-AD78-BDA440AA8337}.Ad-Hoc|ARM.ActiveCfg = Release|Any CPU
		{7DFCEE8D-8197-4BA1-AD78-BDA440AA8337}.Ad-Hoc|ARM.Build.0 = Release|Any CPU
		{7DFCEE8D-8197-4BA1-AD78-BDA440AA8337}.Ad-Hoc|iPhone.ActiveCfg = Release|Any CPU
		{7DFCEE8D-8197-4BA1-AD78-BDA440AA8337}.Ad-Hoc|iPhone.Build.0 = Release|Any CPU
		{7DFCEE8D-8197-4BA1-AD78-BDA440AA8337}.Ad-Hoc|iPhoneSimulator.ActiveCfg = Release|Any CPU
		{7DFCEE8D-8197-4BA1-AD78-BDA440AA8337}.Ad-Hoc|iPhoneSimulator.Build.0 = Release|Any CPU
		{7DFCEE8D-8197-4BA1-AD78-BDA440AA8337}.Ad-Hoc|x64.ActiveCfg = Release|Any CPU
		{7DFCEE8D-8197-4BA1-AD78-BDA440AA8337}.Ad-Hoc|x64.Build.0 = Release|Any CPU
		{7DFCEE8D-8197-4BA1-AD78-BDA440AA8337}.Ad-Hoc|x86.ActiveCfg = Release|Any CPU
		{7DFCEE8D-8197-4BA1-AD78-BDA440AA8337}.Ad-Hoc|x86.Build.0 = Release|Any CPU
		{7DFCEE8D-8197-4BA1-AD78-BDA440AA8337}.AppStore|Any CPU.ActiveCfg = Release|Any CPU
		{7DFCEE8D-8197-4BA1-AD78-BDA440AA8337}.AppStore|Any CPU.Build.0 = Release|Any CPU
		{7DFCEE8D-8197-4BA1-AD78-BDA440AA8337}.AppStore|ARM.ActiveCfg = Release|Any CPU
		{7DFCEE8D-8197-4BA1-AD78-BDA440AA8337}.AppStore|ARM.Build.0 = Release|Any CPU
		{7DFCEE8D-8197-4BA1-AD78-BDA440AA8337}.AppStore|iPhone.ActiveCfg = Release|Any CPU
		{7DFCEE8D-8197-4BA1-AD78-BDA440AA8337}.AppStore|iPhone.Build.0 = Release|Any CPU
		{7DFCEE8D-8197-4BA1-AD78-BDA440AA8337}.AppStore|iPhoneSimulator.ActiveCfg = Release|Any CPU
		{7DFCEE8D-8197-4BA1-AD78-BDA440AA8337}.AppStore|iPhoneSimulator.Build.0 = Release|Any CPU
		{7DFCEE8D-8197-4BA1-AD78-BDA440AA8337}.AppStore|x64.ActiveCfg = Release|Any CPU
		{7DFCEE8D-8197-4BA1-AD78-BDA440AA8337}.AppStore|x64.Build.0 = Release|Any CPU
		{7DFCEE8D-8197-4BA1-AD78-BDA440AA8337}.AppStore|x86.ActiveCfg = Release|Any CPU
		{7DFCEE8D-8197-4BA1-AD78-BDA440AA8337}.AppStore|x86.Build.0 = Release|Any CPU
		{7DFCEE8D-8197-4BA1-AD78-BDA440AA8337}.Debug|Any CPU.ActiveCfg = Debug|Any CPU
		{7DFCEE8D-8197-4BA1-AD78-BDA440AA8337}.Debug|Any CPU.Build.0 = Debug|Any CPU
		{7DFCEE8D-8197-4BA1-AD78-BDA440AA8337}.Debug|ARM.ActiveCfg = Debug|Any CPU
		{7DFCEE8D-8197-4BA1-AD78-BDA440AA8337}.Debug|ARM.Build.0 = Debug|Any CPU
		{7DFCEE8D-8197-4BA1-AD78-BDA440AA8337}.Debug|iPhone.ActiveCfg = Debug|Any CPU
		{7DFCEE8D-8197-4BA1-AD78-BDA440AA8337}.Debug|iPhone.Build.0 = Debug|Any CPU
		{7DFCEE8D-8197-4BA1-AD78-BDA440AA8337}.Debug|iPhoneSimulator.ActiveCfg = Debug|Any CPU
		{7DFCEE8D-8197-4BA1-AD78-BDA440AA8337}.Debug|iPhoneSimulator.Build.0 = Debug|Any CPU
		{7DFCEE8D-8197-4BA1-AD78-BDA440AA8337}.Debug|x64.ActiveCfg = Debug|Any CPU
		{7DFCEE8D-8197-4BA1-AD78-BDA440AA8337}.Debug|x64.Build.0 = Debug|Any CPU
		{7DFCEE8D-8197-4BA1-AD78-BDA440AA8337}.Debug|x86.ActiveCfg = Debug|Any CPU
		{7DFCEE8D-8197-4BA1-AD78-BDA440AA8337}.Debug|x86.Build.0 = Debug|Any CPU
		{7DFCEE8D-8197-4BA1-AD78-BDA440AA8337}.iOS Build|Any CPU.ActiveCfg = Debug|Any CPU
		{7DFCEE8D-8197-4BA1-AD78-BDA440AA8337}.iOS Build|Any CPU.Build.0 = Debug|Any CPU
		{7DFCEE8D-8197-4BA1-AD78-BDA440AA8337}.iOS Build|ARM.ActiveCfg = Debug|Any CPU
		{7DFCEE8D-8197-4BA1-AD78-BDA440AA8337}.iOS Build|ARM.Build.0 = Debug|Any CPU
		{7DFCEE8D-8197-4BA1-AD78-BDA440AA8337}.iOS Build|iPhone.ActiveCfg = Release|Any CPU
		{7DFCEE8D-8197-4BA1-AD78-BDA440AA8337}.iOS Build|iPhone.Build.0 = Release|Any CPU
		{7DFCEE8D-8197-4BA1-AD78-BDA440AA8337}.iOS Build|iPhoneSimulator.ActiveCfg = Release|Any CPU
		{7DFCEE8D-8197-4BA1-AD78-BDA440AA8337}.iOS Build|iPhoneSimulator.Build.0 = Release|Any CPU
		{7DFCEE8D-8197-4BA1-AD78-BDA440AA8337}.iOS Build|x64.ActiveCfg = Debug|Any CPU
		{7DFCEE8D-8197-4BA1-AD78-BDA440AA8337}.iOS Build|x64.Build.0 = Debug|Any CPU
		{7DFCEE8D-8197-4BA1-AD78-BDA440AA8337}.iOS Build|x86.ActiveCfg = Debug|Any CPU
		{7DFCEE8D-8197-4BA1-AD78-BDA440AA8337}.iOS Build|x86.Build.0 = Debug|Any CPU
		{7DFCEE8D-8197-4BA1-AD78-BDA440AA8337}.Release|Any CPU.ActiveCfg = Release|Any CPU
		{7DFCEE8D-8197-4BA1-AD78-BDA440AA8337}.Release|Any CPU.Build.0 = Release|Any CPU
		{7DFCEE8D-8197-4BA1-AD78-BDA440AA8337}.Release|ARM.ActiveCfg = Release|Any CPU
		{7DFCEE8D-8197-4BA1-AD78-BDA440AA8337}.Release|ARM.Build.0 = Release|Any CPU
		{7DFCEE8D-8197-4BA1-AD78-BDA440AA8337}.Release|iPhone.ActiveCfg = Release|Any CPU
		{7DFCEE8D-8197-4BA1-AD78-BDA440AA8337}.Release|iPhone.Build.0 = Release|Any CPU
		{7DFCEE8D-8197-4BA1-AD78-BDA440AA8337}.Release|iPhoneSimulator.ActiveCfg = Release|Any CPU
		{7DFCEE8D-8197-4BA1-AD78-BDA440AA8337}.Release|iPhoneSimulator.Build.0 = Release|Any CPU
		{7DFCEE8D-8197-4BA1-AD78-BDA440AA8337}.Release|x64.ActiveCfg = Release|Any CPU
		{7DFCEE8D-8197-4BA1-AD78-BDA440AA8337}.Release|x64.Build.0 = Release|Any CPU
		{7DFCEE8D-8197-4BA1-AD78-BDA440AA8337}.Release|x86.ActiveCfg = Release|Any CPU
		{7DFCEE8D-8197-4BA1-AD78-BDA440AA8337}.Release|x86.Build.0 = Release|Any CPU
		{EC06F587-499C-4247-BA95-0D9703A8D772}.Ad-Hoc|Any CPU.ActiveCfg = Ad-Hoc|iPhone
		{EC06F587-499C-4247-BA95-0D9703A8D772}.Ad-Hoc|ARM.ActiveCfg = Ad-Hoc|iPhone
		{EC06F587-499C-4247-BA95-0D9703A8D772}.Ad-Hoc|iPhone.ActiveCfg = Ad-Hoc|iPhone
		{EC06F587-499C-4247-BA95-0D9703A8D772}.Ad-Hoc|iPhone.Build.0 = Ad-Hoc|iPhone
		{EC06F587-499C-4247-BA95-0D9703A8D772}.Ad-Hoc|iPhoneSimulator.ActiveCfg = Ad-Hoc|iPhoneSimulator
		{EC06F587-499C-4247-BA95-0D9703A8D772}.Ad-Hoc|iPhoneSimulator.Build.0 = Ad-Hoc|iPhoneSimulator
		{EC06F587-499C-4247-BA95-0D9703A8D772}.Ad-Hoc|x64.ActiveCfg = Ad-Hoc|iPhone
		{EC06F587-499C-4247-BA95-0D9703A8D772}.Ad-Hoc|x86.ActiveCfg = Ad-Hoc|iPhone
		{EC06F587-499C-4247-BA95-0D9703A8D772}.AppStore|Any CPU.ActiveCfg = AppStore|iPhone
		{EC06F587-499C-4247-BA95-0D9703A8D772}.AppStore|ARM.ActiveCfg = AppStore|iPhone
		{EC06F587-499C-4247-BA95-0D9703A8D772}.AppStore|iPhone.ActiveCfg = AppStore|iPhone
		{EC06F587-499C-4247-BA95-0D9703A8D772}.AppStore|iPhone.Build.0 = AppStore|iPhone
		{EC06F587-499C-4247-BA95-0D9703A8D772}.AppStore|iPhoneSimulator.ActiveCfg = AppStore|iPhoneSimulator
		{EC06F587-499C-4247-BA95-0D9703A8D772}.AppStore|iPhoneSimulator.Build.0 = AppStore|iPhoneSimulator
		{EC06F587-499C-4247-BA95-0D9703A8D772}.AppStore|x64.ActiveCfg = AppStore|iPhone
		{EC06F587-499C-4247-BA95-0D9703A8D772}.AppStore|x86.ActiveCfg = AppStore|iPhone
		{EC06F587-499C-4247-BA95-0D9703A8D772}.Debug|Any CPU.ActiveCfg = Debug|iPhone
		{EC06F587-499C-4247-BA95-0D9703A8D772}.Debug|ARM.ActiveCfg = Debug|iPhone
		{EC06F587-499C-4247-BA95-0D9703A8D772}.Debug|iPhone.ActiveCfg = Debug|iPhone
		{EC06F587-499C-4247-BA95-0D9703A8D772}.Debug|iPhone.Build.0 = Debug|iPhone
		{EC06F587-499C-4247-BA95-0D9703A8D772}.Debug|iPhoneSimulator.ActiveCfg = Debug|iPhoneSimulator
		{EC06F587-499C-4247-BA95-0D9703A8D772}.Debug|iPhoneSimulator.Build.0 = Debug|iPhoneSimulator
		{EC06F587-499C-4247-BA95-0D9703A8D772}.Debug|x64.ActiveCfg = Debug|iPhone
		{EC06F587-499C-4247-BA95-0D9703A8D772}.Debug|x86.ActiveCfg = Debug|iPhone
		{EC06F587-499C-4247-BA95-0D9703A8D772}.iOS Build|Any CPU.ActiveCfg = iOS Build|iPhone
		{EC06F587-499C-4247-BA95-0D9703A8D772}.iOS Build|ARM.ActiveCfg = iOS Build|iPhone
		{EC06F587-499C-4247-BA95-0D9703A8D772}.iOS Build|iPhone.ActiveCfg = iOS Build|iPhone
		{EC06F587-499C-4247-BA95-0D9703A8D772}.iOS Build|iPhone.Build.0 = iOS Build|iPhone
		{EC06F587-499C-4247-BA95-0D9703A8D772}.iOS Build|iPhoneSimulator.ActiveCfg = iOS Build|iPhoneSimulator
		{EC06F587-499C-4247-BA95-0D9703A8D772}.iOS Build|iPhoneSimulator.Build.0 = iOS Build|iPhoneSimulator
		{EC06F587-499C-4247-BA95-0D9703A8D772}.iOS Build|x64.ActiveCfg = iOS Build|iPhone
		{EC06F587-499C-4247-BA95-0D9703A8D772}.iOS Build|x86.ActiveCfg = iOS Build|iPhone
		{EC06F587-499C-4247-BA95-0D9703A8D772}.Release|Any CPU.ActiveCfg = Release|iPhone
		{EC06F587-499C-4247-BA95-0D9703A8D772}.Release|ARM.ActiveCfg = Release|iPhone
		{EC06F587-499C-4247-BA95-0D9703A8D772}.Release|iPhone.ActiveCfg = Release|iPhone
		{EC06F587-499C-4247-BA95-0D9703A8D772}.Release|iPhone.Build.0 = Release|iPhone
		{EC06F587-499C-4247-BA95-0D9703A8D772}.Release|iPhoneSimulator.ActiveCfg = Release|iPhoneSimulator
		{EC06F587-499C-4247-BA95-0D9703A8D772}.Release|iPhoneSimulator.Build.0 = Release|iPhoneSimulator
		{EC06F587-499C-4247-BA95-0D9703A8D772}.Release|x64.ActiveCfg = Release|iPhone
		{EC06F587-499C-4247-BA95-0D9703A8D772}.Release|x86.ActiveCfg = Release|iPhone
		{BACFF6DB-F340-4886-94F7-582867B1A1DB}.Ad-Hoc|Any CPU.ActiveCfg = Release|Any CPU
		{BACFF6DB-F340-4886-94F7-582867B1A1DB}.Ad-Hoc|Any CPU.Build.0 = Release|Any CPU
		{BACFF6DB-F340-4886-94F7-582867B1A1DB}.Ad-Hoc|Any CPU.Deploy.0 = Release|Any CPU
		{BACFF6DB-F340-4886-94F7-582867B1A1DB}.Ad-Hoc|ARM.ActiveCfg = Release|Any CPU
		{BACFF6DB-F340-4886-94F7-582867B1A1DB}.Ad-Hoc|ARM.Build.0 = Release|Any CPU
		{BACFF6DB-F340-4886-94F7-582867B1A1DB}.Ad-Hoc|ARM.Deploy.0 = Release|Any CPU
		{BACFF6DB-F340-4886-94F7-582867B1A1DB}.Ad-Hoc|iPhone.ActiveCfg = Release|Any CPU
		{BACFF6DB-F340-4886-94F7-582867B1A1DB}.Ad-Hoc|iPhone.Build.0 = Release|Any CPU
		{BACFF6DB-F340-4886-94F7-582867B1A1DB}.Ad-Hoc|iPhone.Deploy.0 = Release|Any CPU
		{BACFF6DB-F340-4886-94F7-582867B1A1DB}.Ad-Hoc|iPhoneSimulator.ActiveCfg = Release|Any CPU
		{BACFF6DB-F340-4886-94F7-582867B1A1DB}.Ad-Hoc|iPhoneSimulator.Build.0 = Release|Any CPU
		{BACFF6DB-F340-4886-94F7-582867B1A1DB}.Ad-Hoc|iPhoneSimulator.Deploy.0 = Release|Any CPU
		{BACFF6DB-F340-4886-94F7-582867B1A1DB}.Ad-Hoc|x64.ActiveCfg = Release|Any CPU
		{BACFF6DB-F340-4886-94F7-582867B1A1DB}.Ad-Hoc|x64.Build.0 = Release|Any CPU
		{BACFF6DB-F340-4886-94F7-582867B1A1DB}.Ad-Hoc|x64.Deploy.0 = Release|Any CPU
		{BACFF6DB-F340-4886-94F7-582867B1A1DB}.Ad-Hoc|x86.ActiveCfg = Release|Any CPU
		{BACFF6DB-F340-4886-94F7-582867B1A1DB}.Ad-Hoc|x86.Build.0 = Release|Any CPU
		{BACFF6DB-F340-4886-94F7-582867B1A1DB}.Ad-Hoc|x86.Deploy.0 = Release|Any CPU
		{BACFF6DB-F340-4886-94F7-582867B1A1DB}.AppStore|Any CPU.ActiveCfg = Release|Any CPU
		{BACFF6DB-F340-4886-94F7-582867B1A1DB}.AppStore|Any CPU.Build.0 = Release|Any CPU
		{BACFF6DB-F340-4886-94F7-582867B1A1DB}.AppStore|Any CPU.Deploy.0 = Release|Any CPU
		{BACFF6DB-F340-4886-94F7-582867B1A1DB}.AppStore|ARM.ActiveCfg = Release|Any CPU
		{BACFF6DB-F340-4886-94F7-582867B1A1DB}.AppStore|ARM.Build.0 = Release|Any CPU
		{BACFF6DB-F340-4886-94F7-582867B1A1DB}.AppStore|ARM.Deploy.0 = Release|Any CPU
		{BACFF6DB-F340-4886-94F7-582867B1A1DB}.AppStore|iPhone.ActiveCfg = Release|Any CPU
		{BACFF6DB-F340-4886-94F7-582867B1A1DB}.AppStore|iPhone.Build.0 = Release|Any CPU
		{BACFF6DB-F340-4886-94F7-582867B1A1DB}.AppStore|iPhone.Deploy.0 = Release|Any CPU
		{BACFF6DB-F340-4886-94F7-582867B1A1DB}.AppStore|iPhoneSimulator.ActiveCfg = Release|Any CPU
		{BACFF6DB-F340-4886-94F7-582867B1A1DB}.AppStore|iPhoneSimulator.Build.0 = Release|Any CPU
		{BACFF6DB-F340-4886-94F7-582867B1A1DB}.AppStore|iPhoneSimulator.Deploy.0 = Release|Any CPU
		{BACFF6DB-F340-4886-94F7-582867B1A1DB}.AppStore|x64.ActiveCfg = Release|Any CPU
		{BACFF6DB-F340-4886-94F7-582867B1A1DB}.AppStore|x64.Build.0 = Release|Any CPU
		{BACFF6DB-F340-4886-94F7-582867B1A1DB}.AppStore|x64.Deploy.0 = Release|Any CPU
		{BACFF6DB-F340-4886-94F7-582867B1A1DB}.AppStore|x86.ActiveCfg = Release|Any CPU
		{BACFF6DB-F340-4886-94F7-582867B1A1DB}.AppStore|x86.Build.0 = Release|Any CPU
		{BACFF6DB-F340-4886-94F7-582867B1A1DB}.AppStore|x86.Deploy.0 = Release|Any CPU
		{BACFF6DB-F340-4886-94F7-582867B1A1DB}.Debug|Any CPU.ActiveCfg = Debug|Any CPU
		{BACFF6DB-F340-4886-94F7-582867B1A1DB}.Debug|Any CPU.Build.0 = Debug|Any CPU
		{BACFF6DB-F340-4886-94F7-582867B1A1DB}.Debug|Any CPU.Deploy.0 = Debug|Any CPU
		{BACFF6DB-F340-4886-94F7-582867B1A1DB}.Debug|ARM.ActiveCfg = Debug|Any CPU
		{BACFF6DB-F340-4886-94F7-582867B1A1DB}.Debug|ARM.Build.0 = Debug|Any CPU
		{BACFF6DB-F340-4886-94F7-582867B1A1DB}.Debug|ARM.Deploy.0 = Debug|Any CPU
		{BACFF6DB-F340-4886-94F7-582867B1A1DB}.Debug|iPhone.ActiveCfg = Debug|Any CPU
		{BACFF6DB-F340-4886-94F7-582867B1A1DB}.Debug|iPhone.Build.0 = Debug|Any CPU
		{BACFF6DB-F340-4886-94F7-582867B1A1DB}.Debug|iPhone.Deploy.0 = Debug|Any CPU
		{BACFF6DB-F340-4886-94F7-582867B1A1DB}.Debug|iPhoneSimulator.ActiveCfg = Debug|Any CPU
		{BACFF6DB-F340-4886-94F7-582867B1A1DB}.Debug|iPhoneSimulator.Build.0 = Debug|Any CPU
		{BACFF6DB-F340-4886-94F7-582867B1A1DB}.Debug|iPhoneSimulator.Deploy.0 = Debug|Any CPU
		{BACFF6DB-F340-4886-94F7-582867B1A1DB}.Debug|x64.ActiveCfg = Debug|Any CPU
		{BACFF6DB-F340-4886-94F7-582867B1A1DB}.Debug|x64.Build.0 = Debug|Any CPU
		{BACFF6DB-F340-4886-94F7-582867B1A1DB}.Debug|x64.Deploy.0 = Debug|Any CPU
		{BACFF6DB-F340-4886-94F7-582867B1A1DB}.Debug|x86.ActiveCfg = Debug|Any CPU
		{BACFF6DB-F340-4886-94F7-582867B1A1DB}.Debug|x86.Build.0 = Debug|Any CPU
		{BACFF6DB-F340-4886-94F7-582867B1A1DB}.Debug|x86.Deploy.0 = Debug|Any CPU
		{BACFF6DB-F340-4886-94F7-582867B1A1DB}.iOS Build|Any CPU.ActiveCfg = Release|Any CPU
		{BACFF6DB-F340-4886-94F7-582867B1A1DB}.iOS Build|Any CPU.Build.0 = Release|Any CPU
		{BACFF6DB-F340-4886-94F7-582867B1A1DB}.iOS Build|Any CPU.Deploy.0 = Release|Any CPU
		{BACFF6DB-F340-4886-94F7-582867B1A1DB}.iOS Build|ARM.ActiveCfg = Release|Any CPU
		{BACFF6DB-F340-4886-94F7-582867B1A1DB}.iOS Build|ARM.Build.0 = Release|Any CPU
		{BACFF6DB-F340-4886-94F7-582867B1A1DB}.iOS Build|ARM.Deploy.0 = Release|Any CPU
		{BACFF6DB-F340-4886-94F7-582867B1A1DB}.iOS Build|iPhone.ActiveCfg = Release|Any CPU
		{BACFF6DB-F340-4886-94F7-582867B1A1DB}.iOS Build|iPhone.Build.0 = Release|Any CPU
		{BACFF6DB-F340-4886-94F7-582867B1A1DB}.iOS Build|iPhone.Deploy.0 = Release|Any CPU
		{BACFF6DB-F340-4886-94F7-582867B1A1DB}.iOS Build|iPhoneSimulator.ActiveCfg = Release|Any CPU
		{BACFF6DB-F340-4886-94F7-582867B1A1DB}.iOS Build|iPhoneSimulator.Build.0 = Release|Any CPU
		{BACFF6DB-F340-4886-94F7-582867B1A1DB}.iOS Build|iPhoneSimulator.Deploy.0 = Release|Any CPU
		{BACFF6DB-F340-4886-94F7-582867B1A1DB}.iOS Build|x64.ActiveCfg = Release|Any CPU
		{BACFF6DB-F340-4886-94F7-582867B1A1DB}.iOS Build|x64.Build.0 = Release|Any CPU
		{BACFF6DB-F340-4886-94F7-582867B1A1DB}.iOS Build|x64.Deploy.0 = Release|Any CPU
		{BACFF6DB-F340-4886-94F7-582867B1A1DB}.iOS Build|x86.ActiveCfg = Release|Any CPU
		{BACFF6DB-F340-4886-94F7-582867B1A1DB}.iOS Build|x86.Build.0 = Release|Any CPU
		{BACFF6DB-F340-4886-94F7-582867B1A1DB}.iOS Build|x86.Deploy.0 = Release|Any CPU
		{BACFF6DB-F340-4886-94F7-582867B1A1DB}.Release|Any CPU.ActiveCfg = Release|Any CPU
		{BACFF6DB-F340-4886-94F7-582867B1A1DB}.Release|Any CPU.Build.0 = Release|Any CPU
		{BACFF6DB-F340-4886-94F7-582867B1A1DB}.Release|Any CPU.Deploy.0 = Release|Any CPU
		{BACFF6DB-F340-4886-94F7-582867B1A1DB}.Release|ARM.ActiveCfg = Release|Any CPU
		{BACFF6DB-F340-4886-94F7-582867B1A1DB}.Release|ARM.Build.0 = Release|Any CPU
		{BACFF6DB-F340-4886-94F7-582867B1A1DB}.Release|ARM.Deploy.0 = Release|Any CPU
		{BACFF6DB-F340-4886-94F7-582867B1A1DB}.Release|iPhone.ActiveCfg = Release|Any CPU
		{BACFF6DB-F340-4886-94F7-582867B1A1DB}.Release|iPhone.Build.0 = Release|Any CPU
		{BACFF6DB-F340-4886-94F7-582867B1A1DB}.Release|iPhone.Deploy.0 = Release|Any CPU
		{BACFF6DB-F340-4886-94F7-582867B1A1DB}.Release|iPhoneSimulator.ActiveCfg = Release|Any CPU
		{BACFF6DB-F340-4886-94F7-582867B1A1DB}.Release|iPhoneSimulator.Build.0 = Release|Any CPU
		{BACFF6DB-F340-4886-94F7-582867B1A1DB}.Release|iPhoneSimulator.Deploy.0 = Release|Any CPU
		{BACFF6DB-F340-4886-94F7-582867B1A1DB}.Release|x64.ActiveCfg = Release|Any CPU
		{BACFF6DB-F340-4886-94F7-582867B1A1DB}.Release|x64.Build.0 = Release|Any CPU
		{BACFF6DB-F340-4886-94F7-582867B1A1DB}.Release|x64.Deploy.0 = Release|Any CPU
		{BACFF6DB-F340-4886-94F7-582867B1A1DB}.Release|x86.ActiveCfg = Release|Any CPU
		{BACFF6DB-F340-4886-94F7-582867B1A1DB}.Release|x86.Build.0 = Release|Any CPU
		{BACFF6DB-F340-4886-94F7-582867B1A1DB}.Release|x86.Deploy.0 = Release|Any CPU
		{F34ED457-4812-427C-9F2D-9E5105EB8D91}.Ad-Hoc|Any CPU.ActiveCfg = Release|Any CPU
		{F34ED457-4812-427C-9F2D-9E5105EB8D91}.Ad-Hoc|Any CPU.Build.0 = Release|Any CPU
		{F34ED457-4812-427C-9F2D-9E5105EB8D91}.Ad-Hoc|ARM.ActiveCfg = Release|Any CPU
		{F34ED457-4812-427C-9F2D-9E5105EB8D91}.Ad-Hoc|ARM.Build.0 = Release|Any CPU
		{F34ED457-4812-427C-9F2D-9E5105EB8D91}.Ad-Hoc|iPhone.ActiveCfg = Release|Any CPU
		{F34ED457-4812-427C-9F2D-9E5105EB8D91}.Ad-Hoc|iPhone.Build.0 = Release|Any CPU
		{F34ED457-4812-427C-9F2D-9E5105EB8D91}.Ad-Hoc|iPhoneSimulator.ActiveCfg = Release|Any CPU
		{F34ED457-4812-427C-9F2D-9E5105EB8D91}.Ad-Hoc|iPhoneSimulator.Build.0 = Release|Any CPU
		{F34ED457-4812-427C-9F2D-9E5105EB8D91}.Ad-Hoc|x64.ActiveCfg = Release|Any CPU
		{F34ED457-4812-427C-9F2D-9E5105EB8D91}.Ad-Hoc|x64.Build.0 = Release|Any CPU
		{F34ED457-4812-427C-9F2D-9E5105EB8D91}.Ad-Hoc|x86.ActiveCfg = Release|Any CPU
		{F34ED457-4812-427C-9F2D-9E5105EB8D91}.Ad-Hoc|x86.Build.0 = Release|Any CPU
		{F34ED457-4812-427C-9F2D-9E5105EB8D91}.AppStore|Any CPU.ActiveCfg = Release|Any CPU
		{F34ED457-4812-427C-9F2D-9E5105EB8D91}.AppStore|Any CPU.Build.0 = Release|Any CPU
		{F34ED457-4812-427C-9F2D-9E5105EB8D91}.AppStore|ARM.ActiveCfg = Release|Any CPU
		{F34ED457-4812-427C-9F2D-9E5105EB8D91}.AppStore|ARM.Build.0 = Release|Any CPU
		{F34ED457-4812-427C-9F2D-9E5105EB8D91}.AppStore|iPhone.ActiveCfg = Release|Any CPU
		{F34ED457-4812-427C-9F2D-9E5105EB8D91}.AppStore|iPhone.Build.0 = Release|Any CPU
		{F34ED457-4812-427C-9F2D-9E5105EB8D91}.AppStore|iPhoneSimulator.ActiveCfg = Release|Any CPU
		{F34ED457-4812-427C-9F2D-9E5105EB8D91}.AppStore|iPhoneSimulator.Build.0 = Release|Any CPU
		{F34ED457-4812-427C-9F2D-9E5105EB8D91}.AppStore|x64.ActiveCfg = Release|Any CPU
		{F34ED457-4812-427C-9F2D-9E5105EB8D91}.AppStore|x64.Build.0 = Release|Any CPU
		{F34ED457-4812-427C-9F2D-9E5105EB8D91}.AppStore|x86.ActiveCfg = Release|Any CPU
		{F34ED457-4812-427C-9F2D-9E5105EB8D91}.AppStore|x86.Build.0 = Release|Any CPU
		{F34ED457-4812-427C-9F2D-9E5105EB8D91}.Debug|Any CPU.ActiveCfg = Debug|Any CPU
		{F34ED457-4812-427C-9F2D-9E5105EB8D91}.Debug|Any CPU.Build.0 = Debug|Any CPU
		{F34ED457-4812-427C-9F2D-9E5105EB8D91}.Debug|ARM.ActiveCfg = Debug|Any CPU
		{F34ED457-4812-427C-9F2D-9E5105EB8D91}.Debug|ARM.Build.0 = Debug|Any CPU
		{F34ED457-4812-427C-9F2D-9E5105EB8D91}.Debug|iPhone.ActiveCfg = Debug|Any CPU
		{F34ED457-4812-427C-9F2D-9E5105EB8D91}.Debug|iPhone.Build.0 = Debug|Any CPU
		{F34ED457-4812-427C-9F2D-9E5105EB8D91}.Debug|iPhoneSimulator.ActiveCfg = Debug|Any CPU
		{F34ED457-4812-427C-9F2D-9E5105EB8D91}.Debug|iPhoneSimulator.Build.0 = Debug|Any CPU
		{F34ED457-4812-427C-9F2D-9E5105EB8D91}.Debug|x64.ActiveCfg = Debug|Any CPU
		{F34ED457-4812-427C-9F2D-9E5105EB8D91}.Debug|x64.Build.0 = Debug|Any CPU
		{F34ED457-4812-427C-9F2D-9E5105EB8D91}.Debug|x86.ActiveCfg = Debug|Any CPU
		{F34ED457-4812-427C-9F2D-9E5105EB8D91}.Debug|x86.Build.0 = Debug|Any CPU
		{F34ED457-4812-427C-9F2D-9E5105EB8D91}.iOS Build|Any CPU.ActiveCfg = Release|Any CPU
		{F34ED457-4812-427C-9F2D-9E5105EB8D91}.iOS Build|Any CPU.Build.0 = Release|Any CPU
		{F34ED457-4812-427C-9F2D-9E5105EB8D91}.iOS Build|ARM.ActiveCfg = Release|Any CPU
		{F34ED457-4812-427C-9F2D-9E5105EB8D91}.iOS Build|ARM.Build.0 = Release|Any CPU
		{F34ED457-4812-427C-9F2D-9E5105EB8D91}.iOS Build|iPhone.ActiveCfg = Release|Any CPU
		{F34ED457-4812-427C-9F2D-9E5105EB8D91}.iOS Build|iPhone.Build.0 = Release|Any CPU
		{F34ED457-4812-427C-9F2D-9E5105EB8D91}.iOS Build|iPhoneSimulator.ActiveCfg = Release|Any CPU
		{F34ED457-4812-427C-9F2D-9E5105EB8D91}.iOS Build|iPhoneSimulator.Build.0 = Release|Any CPU
		{F34ED457-4812-427C-9F2D-9E5105EB8D91}.iOS Build|x64.ActiveCfg = Release|Any CPU
		{F34ED457-4812-427C-9F2D-9E5105EB8D91}.iOS Build|x64.Build.0 = Release|Any CPU
		{F34ED457-4812-427C-9F2D-9E5105EB8D91}.iOS Build|x86.ActiveCfg = Release|Any CPU
		{F34ED457-4812-427C-9F2D-9E5105EB8D91}.iOS Build|x86.Build.0 = Release|Any CPU
		{F34ED457-4812-427C-9F2D-9E5105EB8D91}.Release|Any CPU.ActiveCfg = Release|Any CPU
		{F34ED457-4812-427C-9F2D-9E5105EB8D91}.Release|Any CPU.Build.0 = Release|Any CPU
		{F34ED457-4812-427C-9F2D-9E5105EB8D91}.Release|ARM.ActiveCfg = Release|Any CPU
		{F34ED457-4812-427C-9F2D-9E5105EB8D91}.Release|ARM.Build.0 = Release|Any CPU
		{F34ED457-4812-427C-9F2D-9E5105EB8D91}.Release|iPhone.ActiveCfg = Release|Any CPU
		{F34ED457-4812-427C-9F2D-9E5105EB8D91}.Release|iPhone.Build.0 = Release|Any CPU
		{F34ED457-4812-427C-9F2D-9E5105EB8D91}.Release|iPhoneSimulator.ActiveCfg = Release|Any CPU
		{F34ED457-4812-427C-9F2D-9E5105EB8D91}.Release|iPhoneSimulator.Build.0 = Release|Any CPU
		{F34ED457-4812-427C-9F2D-9E5105EB8D91}.Release|x64.ActiveCfg = Release|Any CPU
		{F34ED457-4812-427C-9F2D-9E5105EB8D91}.Release|x64.Build.0 = Release|Any CPU
		{F34ED457-4812-427C-9F2D-9E5105EB8D91}.Release|x86.ActiveCfg = Release|Any CPU
		{F34ED457-4812-427C-9F2D-9E5105EB8D91}.Release|x86.Build.0 = Release|Any CPU
	EndGlobalSection
	GlobalSection(SolutionProperties) = preSolution
		HideSolutionNode = FALSE
	EndGlobalSection
	GlobalSection(NestedProjects) = preSolution
		{42696275-B7C9-4553-87F8-D635B8A27C97} = {17EA30A6-84A6-4F0B-B435-A0104A5BE24D}
		{7FCB98A9-7785-4074-BE75-EAD40A50DF58} = {5F9EF280-4AB5-4331-BC94-E04A6930B19B}
		{7DFCEE8D-8197-4BA1-AD78-BDA440AA8337} = {5F9EF280-4AB5-4331-BC94-E04A6930B19B}
		{EC06F587-499C-4247-BA95-0D9703A8D772} = {17EA30A6-84A6-4F0B-B435-A0104A5BE24D}
		{BACFF6DB-F340-4886-94F7-582867B1A1DB} = {17EA30A6-84A6-4F0B-B435-A0104A5BE24D}
		{F34ED457-4812-427C-9F2D-9E5105EB8D91} = {6C8A60F3-7F9A-4776-ABC4-848AB32E6511}
	EndGlobalSection
	GlobalSection(ExtensibilityGlobals) = postSolution
		SolutionGuid = {E716AD00-DEF8-468E-A20E-1E1F6CEFB4BB}
	EndGlobalSection
EndGlobal
